<?xml version="1.0" encoding="utf-8"?>
<Project ToolsVersion="4.0" xmlns="http://schemas.microsoft.com/developer/msbuild/2003">
  <ItemGroup>
    <Filter Include="Source Files">
      <UniqueIdentifier>{4FC737F1-C7A5-4376-A066-2A32D752A2FF}</UniqueIdentifier>
      <Extensions>cpp;c;cc;cxx;def;odl;idl;hpj;bat;asm;asmx</Extensions>
    </Filter>
    <Filter Include="Header Files">
      <UniqueIdentifier>{93995380-89BD-4b04-88EB-625FBE52EBFB}</UniqueIdentifier>
      <Extensions>h;hpp;hxx;hm;inl;inc;xsd</Extensions>
    </Filter>
    <Filter Include="Resource Files">
      <UniqueIdentifier>{67DA6AB6-F800-4c08-8B7A-83BB121AAD01}</UniqueIdentifier>
      <Extensions>rc;ico;cur;bmp;dlg;rc2;rct;bin;rgs;gif;jpg;jpeg;jpe;resx;tiff;tif;png;wav</Extensions>
    </Filter>
  </ItemGroup>
  <ItemGroup>
    <ClCompile Include="bridge.cpp">
      <Filter>Source Files</Filter>
    </ClCompile>
    <ClCompile Include="transportbridge.cpp">
      <Filter>Source Files</Filter>
    </ClCompile>
    <ClCompile Include="io.cpp">
      <Filter>Source Files</Filter>
    </ClCompile>
    <ClCompile Include="msg.cpp">
      <Filter>Source Files</Filter>
    </ClCompile>
    <ClCompile Include="publisher.cpp">
      <Filter>Source Files</Filter>
    </ClCompile>
    <ClCompile Include="subinitial.cpp">
      <Filter>Source Files</Filter>
    </ClCompile>
    <ClCompile Include="timer.cpp">
      <Filter>Source Files</Filter>
    </ClCompile>
    <ClCompile Include="blputils.cpp">
      <Filter>Source Files</Filter>
    </ClCompile>
    <ClCompile Include="queue.cpp">
      <Filter>Source Files</Filter>
    </ClCompile>
    <ClCompile Include="stdafx.cpp">
      <Filter>Source Files</Filter>
    </ClCompile>
    <ClCompile Include="blpbridgesubscription.cpp">
      <Filter>Source Files</Filter>
    </ClCompile>
    <ClCompile Include="blpitem.cpp">
      <Filter>Source Files</Filter>
    </ClCompile>
    <ClCompile Include="blpresponseeventhandler.cpp">
      <Filter>Source Files</Filter>
    </ClCompile>
    <ClCompile Include="blpsession.cpp">
      <Filter>Source Files</Filter>
    </ClCompile>
    <ClCompile Include="blpservice.cpp">
      <Filter>Source Files</Filter>
    </ClCompile>
    <ClCompile Include="blpsubscriptioneventhandler.cpp">
      <Filter>Source Files</Filter>
    </ClCompile>
    <ClCompile Include="blpsubscription.cpp">
      <Filter>Source Files</Filter>
    </ClCompile>
    <ClCompile Include="blpdictionaryutils.cpp">
      <Filter>Source Files</Filter>
    </ClCompile>
    <ClCompile Include="blpsystemglobal.cpp">
      <Filter>Source Files</Filter>
    </ClCompile>
    <ClCompile Include="blpfilesystem.cpp">
      <Filter>Source Files</Filter>
    </ClCompile>
    <ClCompile Include="blptimeutils.cpp">
      <Filter>Source Files</Filter>
    </ClCompile>
    <ClCompile Include="blpenvironment.cpp">
      <Filter>Source Files</Filter>
    </ClCompile>
  </ItemGroup>
  <ItemGroup>
    <ClInclude Include="subinitial.h">
      <Filter>Header Files</Filter>
    </ClInclude>
    <ClInclude Include="transportbridge.h">
      <Filter>Header Files</Filter>
    </ClInclude>
    <ClInclude Include="blpbridgefunctions.h">
      <Filter>Header Files</Filter>
    </ClInclude>
    <ClInclude Include="blpdefs.h">
      <Filter>Header Files</Filter>
    </ClInclude>
    <ClInclude Include="blpbridgeimpl.h">
      <Filter>Header Files</Filter>
    </ClInclude>
    <ClInclude Include="blputils.h">
      <Filter>Header Files</Filter>
    </ClInclude>
    <ClInclude Include="stdafx.h">
      <Filter>Header Files</Filter>
    </ClInclude>
    <ClInclude Include="blpitem.h">
      <Filter>Header Files</Filter>
    </ClInclude>
    <ClInclude Include="blpsubscriptioneventhandler.h">
      <Filter>Header Files</Filter>
    </ClInclude>
    <ClInclude Include="blpsubscription.h">
      <Filter>Header Files</Filter>
    </ClInclude>
    <ClInclude Include="blpsession.h">
      <Filter>Header Files</Filter>
    </ClInclude>
    <ClInclude Include="blpservice.h">
      <Filter>Header Files</Filter>
    </ClInclude>
    <ClInclude Include="blpresponseeventhandler.h">
      <Filter>Header Files</Filter>
    </ClInclude>
    <ClInclude Include="blpdictionaryutils.h">
      <Filter>Header Files</Filter>
    </ClInclude>
    <ClInclude Include="blpsystemglobal.h">
      <Filter>Header Files</Filter>
    </ClInclude>
    <ClInclude Include="blpthreadutil.h">
      <Filter>Header Files</Filter>
    </ClInclude>
    <ClInclude Include="blpfilesystem.h">
      <Filter>Header Files</Filter>
    </ClInclude>
    <ClInclude Include="common.h">
      <Filter>Header Files</Filter>
    </ClInclude>
    <ClInclude Include="blptimeutils.h">
      <Filter>Header Files</Filter>
    </ClInclude>
    <ClInclude Include="blpenvironment.h">
      <Filter>Header Files</Filter>
    </ClInclude>
  </ItemGroup>
  <ItemGroup>
    <None Include="UpdateLibs.cmd" />
    <None Include="mamalistenc.cmd" />
    <None Include="UpdateLibsRelease.cmd" />
    <None Include="mama.properties" />
    <None Include="readme.txt" />
    <None Include="fieldmap.csv" />
    <None Include="UpdateLibs64.cmd" />
    <None Include="UpdateLibsRelease64.cmd" />
  </ItemGroup>
</Project>